# THIS IS AN AUTOGENERATED FILE. DO NOT EDIT THIS FILE DIRECTLY.
# yarn lockfile v1


"@types/ndarray@*":
  version "1.0.14"
  resolved "https://registry.yarnpkg.com/@types/ndarray/-/ndarray-1.0.14.tgz#96b28c09a3587a76de380243f87bb7a2d63b4b23"
  integrity sha512-oANmFZMnFQvb219SSBIhI1Ih/r4CvHDOzkWyJS/XRqkMrGH5/kaPSA1hQhdIBzouaE+5KpE/f5ylI9cujmckQg==

"@types/numjs@^0.16.7":
  version "0.16.7"
  resolved "https://registry.yarnpkg.com/@types/numjs/-/numjs-0.16.7.tgz#27174fec2fadab590dda5fe6ecda9f84d5e6e893"
  integrity sha512-mqyyvGalCXZ3+EVi6Ovz5RP6hmJFCDMs4rWWeN+d7LeFxa7QfDxxOliYqdOsKbAsu3M6bjBVxd6iis+MS2M67A==
  dependencies:
    "@types/ndarray" "*"
